
Microsoft Visual Studio Solution File, Format Version 12.00
# Visual Studio 15
VisualStudioVersion = 15.0.26606.0
MinimumVisualStudioVersion = 10.0.40219.1
Project("{2150E333-8FDC-42A3-9474-1A3956D46DE8}") = "src", "src", "{E76D87F1-92D1-4911-8EC1-8E7249DD0C00}"
EndProject
Project("{FAE04EC0-301F-11D3-BF4B-00C04F79EFBC}") = "korbit.api.n47", "source\korbit.api.n47\korbit.api.n47.csproj", "{42AD0B11-E524-4B7C-9ED8-24CE8EEF229A}"
EndProject
Project("{FAE04EC0-301F-11D3-BF4B-00C04F79EFBC}") = "korbit.sample.n47", "source\korbit.sample.n47\korbit.sample.n47.csproj", "{CED5C7E9-AB18-49D1-90CA-076DC1F672DC}"
EndProject
Global
	GlobalSection(SolutionConfigurationPlatforms) = preSolution
		Debug|Any CPU = Debug|Any CPU
		Release|Any CPU = Release|Any CPU
	EndGlobalSection
	GlobalSection(ProjectConfigurationPlatforms) = postSolution
		{42AD0B11-E524-4B7C-9ED8-24CE8EEF229A}.Debug|Any CPU.ActiveCfg = Debug|Any CPU
		{42AD0B11-E524-4B7C-9ED8-24CE8EEF229A}.Debug|Any CPU.Build.0 = Debug|Any CPU
		{42AD0B11-E524-4B7C-9ED8-24CE8EEF229A}.Release|Any CPU.ActiveCfg = Release|Any CPU
		{42AD0B11-E524-4B7C-9ED8-24CE8EEF229A}.Release|Any CPU.Build.0 = Release|Any CPU
		{CED5C7E9-AB18-49D1-90CA-076DC1F672DC}.Debug|Any CPU.ActiveCfg = Debug|Any CPU
		{CED5C7E9-AB18-49D1-90CA-076DC1F672DC}.Debug|Any CPU.Build.0 = Debug|Any CPU
		{CED5C7E9-AB18-49D1-90CA-076DC1F672DC}.Release|Any CPU.ActiveCfg = Release|Any CPU
		{CED5C7E9-AB18-49D1-90CA-076DC1F672DC}.Release|Any CPU.Build.0 = Release|Any CPU
	EndGlobalSection
	GlobalSection(SolutionProperties) = preSolution
		HideSolutionNode = FALSE
	EndGlobalSection
	GlobalSection(NestedProjects) = preSolution
		{42AD0B11-E524-4B7C-9ED8-24CE8EEF229A} = {E76D87F1-92D1-4911-8EC1-8E7249DD0C00}
		{CED5C7E9-AB18-49D1-90CA-076DC1F672DC} = {E76D87F1-92D1-4911-8EC1-8E7249DD0C00}
	EndGlobalSection
EndGlobal
