
Microsoft Visual Studio Solution File, Format Version 12.00
# Visual Studio 15
VisualStudioVersion = 15.0.26606.0
MinimumVisualStudioVersion = 10.0.40219.1
Project("{2150E333-8FDC-42A3-9474-1A3956D46DE8}") = "Solution Items", "Solution Items", "{E1F4A270-5796-4483-8383-35F15CCAB36E}"
	ProjectSection(SolutionItems) = preProject
		LICENSE = LICENSE
		readme.md = readme.md
	EndProjectSection
EndProject
Project("{2150E333-8FDC-42A3-9474-1A3956D46DE8}") = "src", "src", "{E76D87F1-92D1-4911-8EC1-8E7249DD0C00}"
EndProject
Project("{2150E333-8FDC-42A3-9474-1A3956D46DE8}") = "logo-files", "logo-files", "{20C93736-714E-4F0A-846B-436F8C5A08D8}"
	ProjectSection(SolutionItems) = preProject
		logo-files\korbit.api.ico = logo-files\korbit.api.ico
		logo-files\korbit.api.png = logo-files\korbit.api.png
	EndProjectSection
EndProject
Project("{9A19103F-16F7-4668-BE54-9A1E7A4F7556}") = "korbit.api.s16", "src\korbit.api.s16\korbit.api.s16.csproj", "{FF1E15F3-9098-4198-9890-BAD9B1891971}"
EndProject
Project("{9A19103F-16F7-4668-BE54-9A1E7A4F7556}") = "korbit.sample.c11", "src\korbit.sample.c11\korbit.sample.c11.csproj", "{B2D5B5F9-0908-4034-86DA-F8F99BA945C0}"
EndProject
Global
	GlobalSection(SolutionConfigurationPlatforms) = preSolution
		Debug|Any CPU = Debug|Any CPU
		Release|Any CPU = Release|Any CPU
	EndGlobalSection
	GlobalSection(ProjectConfigurationPlatforms) = postSolution
		{FF1E15F3-9098-4198-9890-BAD9B1891971}.Debug|Any CPU.ActiveCfg = Debug|Any CPU
		{FF1E15F3-9098-4198-9890-BAD9B1891971}.Debug|Any CPU.Build.0 = Debug|Any CPU
		{FF1E15F3-9098-4198-9890-BAD9B1891971}.Release|Any CPU.ActiveCfg = Release|Any CPU
		{FF1E15F3-9098-4198-9890-BAD9B1891971}.Release|Any CPU.Build.0 = Release|Any CPU
		{B2D5B5F9-0908-4034-86DA-F8F99BA945C0}.Debug|Any CPU.ActiveCfg = Debug|Any CPU
		{B2D5B5F9-0908-4034-86DA-F8F99BA945C0}.Debug|Any CPU.Build.0 = Debug|Any CPU
		{B2D5B5F9-0908-4034-86DA-F8F99BA945C0}.Release|Any CPU.ActiveCfg = Release|Any CPU
		{B2D5B5F9-0908-4034-86DA-F8F99BA945C0}.Release|Any CPU.Build.0 = Release|Any CPU
	EndGlobalSection
	GlobalSection(SolutionProperties) = preSolution
		HideSolutionNode = FALSE
	EndGlobalSection
	GlobalSection(NestedProjects) = preSolution
		{FF1E15F3-9098-4198-9890-BAD9B1891971} = {E76D87F1-92D1-4911-8EC1-8E7249DD0C00}
		{B2D5B5F9-0908-4034-86DA-F8F99BA945C0} = {E76D87F1-92D1-4911-8EC1-8E7249DD0C00}
	EndGlobalSection
EndGlobal
